
Microsoft Visual Studio Solution File, Format Version 12.00
# Visual Studio 14
VisualStudioVersion = 14.0.25420.1
MinimumVisualStudioVersion = 10.0.40219.1
Project("{2150E333-8FDC-42A3-9474-1A3956D46DE8}") = "src", "src", "{C9C366D9-D78D-4B68-9389-6071E91790C0}"
EndProject
Project("{2150E333-8FDC-42A3-9474-1A3956D46DE8}") = "Solution Items", "Solution Items", "{4B58019E-6CFA-4DD0-9EE7-DD72AABC47CC}"
	ProjectSection(SolutionItems) = preProject
		global.json = global.json
	EndProjectSection
EndProject
Project("{8BB2217D-0F2D-49D1-97BC-3654ED321F3B}") = "github", "src\github\github.xproj", "{321637B1-305C-4CBF-A8F4-153859BD1921}"
EndProject
Global
	GlobalSection(SolutionConfigurationPlatforms) = preSolution
		Debug|Any CPU = Debug|Any CPU
		Release|Any CPU = Release|Any CPU
	EndGlobalSection
	GlobalSection(ProjectConfigurationPlatforms) = postSolution
		{321637B1-305C-4CBF-A8F4-153859BD1921}.Debug|Any CPU.ActiveCfg = Debug|Any CPU
		{321637B1-305C-4CBF-A8F4-153859BD1921}.Debug|Any CPU.Build.0 = Debug|Any CPU
		{321637B1-305C-4CBF-A8F4-153859BD1921}.Release|Any CPU.ActiveCfg = Release|Any CPU
		{321637B1-305C-4CBF-A8F4-153859BD1921}.Release|Any CPU.Build.0 = Release|Any CPU
	EndGlobalSection
	GlobalSection(SolutionProperties) = preSolution
		HideSolutionNode = FALSE
	EndGlobalSection
	GlobalSection(NestedProjects) = preSolution
		{321637B1-305C-4CBF-A8F4-153859BD1921} = {C9C366D9-D78D-4B68-9389-6071E91790C0}
	EndGlobalSection
EndGlobal
